
Microsoft Visual Studio Solution File, Format Version 12.00
# Visual Studio Version 17
VisualStudioVersion = 17.8.34511.84
MinimumVisualStudioVersion = 10.0.40219.1
Project("{9A19103F-16F7-4668-BE54-9A1E7A4F7556}") = "MauiAppUTN001", "MauiAppUTN001.csproj", "{44A3637D-B371-4239-A081-45C24A99F530}"
EndProject
Project("{9A19103F-16F7-4668-BE54-9A1E7A4F7556}") = "APIConsumer", "..\ConsumeAPI\APIConsumer.csproj", "{1D51B8FB-3ABB-44A5-8779-E29192EB7A32}"
EndProject
Global
	GlobalSection(SolutionConfigurationPlatforms) = preSolution
		Debug|Any CPU = Debug|Any CPU
		Release|Any CPU = Release|Any CPU
	EndGlobalSection
	GlobalSection(ProjectConfigurationPlatforms) = postSolution
		{44A3637D-B371-4239-A081-45C24A99F530}.Debug|Any CPU.ActiveCfg = Debug|Any CPU
		{44A3637D-B371-4239-A081-45C24A99F530}.Debug|Any CPU.Build.0 = Debug|Any CPU
		{44A3637D-B371-4239-A081-45C24A99F530}.Debug|Any CPU.Deploy.0 = Debug|Any CPU
		{44A3637D-B371-4239-A081-45C24A99F530}.Release|Any CPU.ActiveCfg = Release|Any CPU
		{44A3637D-B371-4239-A081-45C24A99F530}.Release|Any CPU.Build.0 = Release|Any CPU
		{44A3637D-B371-4239-A081-45C24A99F530}.Release|Any CPU.Deploy.0 = Release|Any CPU
		{1D51B8FB-3ABB-44A5-8779-E29192EB7A32}.Debug|Any CPU.ActiveCfg = Debug|Any CPU
		{1D51B8FB-3ABB-44A5-8779-E29192EB7A32}.Debug|Any CPU.Build.0 = Debug|Any CPU
		{1D51B8FB-3ABB-44A5-8779-E29192EB7A32}.Release|Any CPU.ActiveCfg = Release|Any CPU
		{1D51B8FB-3ABB-44A5-8779-E29192EB7A32}.Release|Any CPU.Build.0 = Release|Any CPU
	EndGlobalSection
	GlobalSection(SolutionProperties) = preSolution
		HideSolutionNode = FALSE
	EndGlobalSection
	GlobalSection(ExtensibilityGlobals) = postSolution
		SolutionGuid = {59324825-9323-4258-B18F-B174AA5D6B8B}
	EndGlobalSection
EndGlobal
